<?xml version="1.0" encoding="UTF-8"?>
<Project ToolsVersion="15.0" xmlns="http://schemas.microsoft.com/developer/msbuild/2003">
  <ItemGroup>
    <ClCompile Include="X:\Downloads\Hashcode2018-master (1)\Hashcode2018-master\src\main.cpp">
      <Filter>Source Files</Filter>
    </ClCompile>
  </ItemGroup>
  <ItemGroup>
    <CustomBuild Include="X:\Downloads\Hashcode2018-master (1)\Hashcode2018-master\CMakeLists.txt" />
  </ItemGroup>
  <ItemGroup>
    <Filter Include="Source Files">
      <UniqueIdentifier>{0BFF9150-107F-381E-9971-22B6DC8E6B1C}</UniqueIdentifier>
    </Filter>
  </ItemGroup>
</Project>
